// !$*UTF8*$!
{
	archiveVersion = 1;
	classes = {
	};
	objectVersion = 50;
	objects = {

/* Begin PBXBuildFile section */
		7F2F84F52348278F00F430AE /* main.swift in Sources */ = {isa = PBXBuildFile; fileRef = 7F2F84F42348278F00F430AE /* main.swift */; };
		7F2F84FC2349FE2100F430AE /* findSubArray.swift in Sources */ = {isa = PBXBuildFile; fileRef = 7F2F84FB2349FE2100F430AE /* findSubArray.swift */; };
		7F6B2C0123DF38CB00F1F015 /* Fibonacci.swift in Sources */ = {isa = PBXBuildFile; fileRef = 7F6B2BFF23DF38CB00F1F015 /* Fibonacci.swift */; };
		7F6B2C0223DF38CB00F1F015 /* 01Knapsack.swift in Sources */ = {isa = PBXBuildFile; fileRef = 7F6B2C0023DF38CB00F1F015 /* 01Knapsack.swift */; };
		7F9530FB234A1337004E278A /* maxSubArrayOfSizeK.swift in Sources */ = {isa = PBXBuildFile; fileRef = 7F9530FA234A1337004E278A /* maxSubArrayOfSizeK.swift */; };
		7F9530FD234A177C004E278A /* smallestSubArrayWithGivenSum.swift in Sources */ = {isa = PBXBuildFile; fileRef = 7F9530FC234A177C004E278A /* smallestSubArrayWithGivenSum.swift */; };
		7F9530FF234A2274004E278A /* longestSubStringWithKDistinct.swift in Sources */ = {isa = PBXBuildFile; fileRef = 7F9530FE234A2274004E278A /* longestSubStringWithKDistinct.swift */; };
/* End PBXBuildFile section */

/* Begin PBXCopyFilesBuildPhase section */
		7F2F84EF2348278F00F430AE /* CopyFiles */ = {
			isa = PBXCopyFilesBuildPhase;
			buildActionMask = 2147483647;
			dstPath = /usr/share/man/man1/;
			dstSubfolderSpec = 0;
			files = (
			);
			runOnlyForDeploymentPostprocessing = 1;
		};
/* End PBXCopyFilesBuildPhase section */

/* Begin PBXFileReference section */
		7F2F84F12348278F00F430AE /* TrySwiftAlgorithm */ = {isa = PBXFileReference; explicitFileType = "compiled.mach-o.executable"; includeInIndex = 0; path = TrySwiftAlgorithm; sourceTree = BUILT_PRODUCTS_DIR; };
		7F2F84F42348278F00F430AE /* main.swift */ = {isa = PBXFileReference; lastKnownFileType = sourcecode.swift; path = main.swift; sourceTree = "<group>"; };
		7F2F84FB2349FE2100F430AE /* findSubArray.swift */ = {isa = PBXFileReference; lastKnownFileType = sourcecode.swift; path = findSubArray.swift; sourceTree = "<group>"; };
		7F6B2BFF23DF38CB00F1F015 /* Fibonacci.swift */ = {isa = PBXFileReference; fileEncoding = 4; lastKnownFileType = sourcecode.swift; path = Fibonacci.swift; sourceTree = "<group>"; };
		7F6B2C0023DF38CB00F1F015 /* 01Knapsack.swift */ = {isa = PBXFileReference; fileEncoding = 4; lastKnownFileType = sourcecode.swift; path = 01Knapsack.swift; sourceTree = "<group>"; };
		7F9530FA234A1337004E278A /* maxSubArrayOfSizeK.swift */ = {isa = PBXFileReference; lastKnownFileType = sourcecode.swift; path = maxSubArrayOfSizeK.swift; sourceTree = "<group>"; };
		7F9530FC234A177C004E278A /* smallestSubArrayWithGivenSum.swift */ = {isa = PBXFileReference; lastKnownFileType = sourcecode.swift; path = smallestSubArrayWithGivenSum.swift; sourceTree = "<group>"; };
		7F9530FE234A2274004E278A /* longestSubStringWithKDistinct.swift */ = {isa = PBXFileReference; lastKnownFileType = sourcecode.swift; path = longestSubStringWithKDistinct.swift; sourceTree = "<group>"; };
/* End PBXFileReference section */

/* Begin PBXFrameworksBuildPhase section */
		7F2F84EE2348278F00F430AE /* Frameworks */ = {
			isa = PBXFrameworksBuildPhase;
			buildActionMask = 2147483647;
			files = (
			);
			runOnlyForDeploymentPostprocessing = 0;
		};
/* End PBXFrameworksBuildPhase section */

/* Begin PBXGroup section */
		7F2F84E82348278F00F430AE = {
			isa = PBXGroup;
			children = (
				7F2F84F32348278F00F430AE /* TrySwiftAlgorithm */,
				7F2F84F22348278F00F430AE /* Products */,
			);
			sourceTree = "<group>";
		};
		7F2F84F22348278F00F430AE /* Products */ = {
			isa = PBXGroup;
			children = (
				7F2F84F12348278F00F430AE /* TrySwiftAlgorithm */,
			);
			name = Products;
			sourceTree = "<group>";
		};
		7F2F84F32348278F00F430AE /* TrySwiftAlgorithm */ = {
			isa = PBXGroup;
			children = (
				7F6B2BFD23DF389E00F1F015 /* Utils */,
				7F2F84FD2349FF2000F430AE /* SlidingWindow */,
				7F6B2BFE23DF38BE00F1F015 /* DP */,
				7F2F84F42348278F00F430AE /* main.swift */,
			);
			path = TrySwiftAlgorithm;
			sourceTree = "<group>";
		};
		7F2F84FD2349FF2000F430AE /* SlidingWindow */ = {
			isa = PBXGroup;
			children = (
				7F2F84FB2349FE2100F430AE /* findSubArray.swift */,
				7F9530FA234A1337004E278A /* maxSubArrayOfSizeK.swift */,
				7F9530FC234A177C004E278A /* smallestSubArrayWithGivenSum.swift */,
				7F9530FE234A2274004E278A /* longestSubStringWithKDistinct.swift */,
			);
			path = SlidingWindow;
			sourceTree = "<group>";
		};
		7F6B2BFD23DF389E00F1F015 /* Utils */ = {
			isa = PBXGroup;
			children = (
			);
			path = Utils;
			sourceTree = "<group>";
		};
		7F6B2BFE23DF38BE00F1F015 /* DP */ = {
			isa = PBXGroup;
			children = (
				7F6B2BFF23DF38CB00F1F015 /* Fibonacci.swift */,
				7F6B2C0023DF38CB00F1F015 /* 01Knapsack.swift */,
			);
			path = DP;
			sourceTree = "<group>";
		};
/* End PBXGroup section */

/* Begin PBXNativeTarget section */
		7F2F84F02348278F00F430AE /* TrySwiftAlgorithm */ = {
			isa = PBXNativeTarget;
			buildConfigurationList = 7F2F84F82348278F00F430AE /* Build configuration list for PBXNativeTarget "TrySwiftAlgorithm" */;
			buildPhases = (
				7F2F84ED2348278F00F430AE /* Sources */,
				7F2F84EE2348278F00F430AE /* Frameworks */,
				7F2F84EF2348278F00F430AE /* CopyFiles */,
			);
			buildRules = (
			);
			dependencies = (
			);
			name = TrySwiftAlgorithm;
			productName = CodingTestSwift;
			productReference = 7F2F84F12348278F00F430AE /* TrySwiftAlgorithm */;
			productType = "com.apple.product-type.tool";
		};
/* End PBXNativeTarget section */

/* Begin PBXProject section */
		7F2F84E92348278F00F430AE /* Project object */ = {
			isa = PBXProject;
			attributes = {
				LastSwiftUpdateCheck = 1100;
				LastUpgradeCheck = 1130;
				ORGANIZATIONNAME = BaekSungwook;
				TargetAttributes = {
					7F2F84F02348278F00F430AE = {
						CreatedOnToolsVersion = 11.0;
					};
				};
			};
			buildConfigurationList = 7F2F84EC2348278F00F430AE /* Build configuration list for PBXProject "TrySwiftAlgorithm" */;
			compatibilityVersion = "Xcode 9.3";
			developmentRegion = en;
			hasScannedForEncodings = 0;
			knownRegions = (
				en,
				Base,
			);
			mainGroup = 7F2F84E82348278F00F430AE;
			productRefGroup = 7F2F84F22348278F00F430AE /* Products */;
			projectDirPath = "";
			projectRoot = "";
			targets = (
				7F2F84F02348278F00F430AE /* TrySwiftAlgorithm */,
			);
		};
/* End PBXProject section */

/* Begin PBXSourcesBuildPhase section */
		7F2F84ED2348278F00F430AE /* Sources */ = {
			isa = PBXSourcesBuildPhase;
			buildActionMask = 2147483647;
			files = (
				7F9530FF234A2274004E278A /* longestSubStringWithKDistinct.swift in Sources */,
				7F9530FB234A1337004E278A /* maxSubArrayOfSizeK.swift in Sources */,
				7F6B2C0123DF38CB00F1F015 /* Fibonacci.swift in Sources */,
				7F6B2C0223DF38CB00F1F015 /* 01Knapsack.swift in Sources */,
				7F9530FD234A177C004E278A /* smallestSubArrayWithGivenSum.swift in Sources */,
				7F2F84FC2349FE2100F430AE /* findSubArray.swift in Sources */,
				7F2F84F52348278F00F430AE /* main.swift in Sources */,
			);
			runOnlyForDeploymentPostprocessing = 0;
		};
/* End PBXSourcesBuildPhase section */

/* Begin XCBuildConfiguration section */
		7F2F84F62348278F00F430AE /* Debug */ = {
			isa = XCBuildConfiguration;
			buildSettings = {
				ALWAYS_SEARCH_USER_PATHS = NO;
				CLANG_ANALYZER_NONNULL = YES;
				CLANG_ANALYZER_NUMBER_OBJECT_CONVERSION = YES_AGGRESSIVE;
				CLANG_CXX_LANGUAGE_STANDARD = "gnu++14";
				CLANG_CXX_LIBRARY = "libc++";
				CLANG_ENABLE_MODULES = YES;
				CLANG_ENABLE_OBJC_ARC = YES;
				CLANG_ENABLE_OBJC_WEAK = YES;
				CLANG_WARN_BLOCK_CAPTURE_AUTORELEASING = YES;
				CLANG_WARN_BOOL_CONVERSION = YES;
				CLANG_WARN_COMMA = YES;
				CLANG_WARN_CONSTANT_CONVERSION = YES;
				CLANG_WARN_DEPRECATED_OBJC_IMPLEMENTATIONS = YES;
				CLANG_WARN_DIRECT_OBJC_ISA_USAGE = YES_ERROR;
				CLANG_WARN_DOCUMENTATION_COMMENTS = YES;
				CLANG_WARN_EMPTY_BODY = YES;
				CLANG_WARN_ENUM_CONVERSION = YES;
				CLANG_WARN_INFINITE_RECURSION = YES;
				CLANG_WARN_INT_CONVERSION = YES;
				CLANG_WARN_NON_LITERAL_NULL_CONVERSION = YES;
				CLANG_WARN_OBJC_IMPLICIT_RETAIN_SELF = YES;
				CLANG_WARN_OBJC_LITERAL_CONVERSION = YES;
				CLANG_WARN_OBJC_ROOT_CLASS = YES_ERROR;
				CLANG_WARN_RANGE_LOOP_ANALYSIS = YES;
				CLANG_WARN_STRICT_PROTOTYPES = YES;
				CLANG_WARN_SUSPICIOUS_MOVE = YES;
				CLANG_WARN_UNGUARDED_AVAILABILITY = YES_AGGRESSIVE;
				CLANG_WARN_UNREACHABLE_CODE = YES;
				CLANG_WARN__DUPLICATE_METHOD_MATCH = YES;
				COPY_PHASE_STRIP = NO;
				DEBUG_INFORMATION_FORMAT = dwarf;
				ENABLE_STRICT_OBJC_MSGSEND = YES;
				ENABLE_TESTABILITY = YES;
				GCC_C_LANGUAGE_STANDARD = gnu11;
				GCC_DYNAMIC_NO_PIC = NO;
				GCC_NO_COMMON_BLOCKS = YES;
				GCC_OPTIMIZATION_LEVEL = 0;
				GCC_PREPROCESSOR_DEFINITIONS = (
					"DEBUG=1",
					"$(inherited)",
				);
				GCC_WARN_64_TO_32_BIT_CONVERSION = YES;
				GCC_WARN_ABOUT_RETURN_TYPE = YES_ERROR;
				GCC_WARN_UNDECLARED_SELECTOR = YES;
				GCC_WARN_UNINITIALIZED_AUTOS = YES_AGGRESSIVE;
				GCC_WARN_UNUSED_FUNCTION = YES;
				GCC_WARN_UNUSED_VARIABLE = YES;
				MACOSX_DEPLOYMENT_TARGET = 10.15;
				MTL_ENABLE_DEBUG_INFO = INCLUDE_SOURCE;
				MTL_FAST_MATH = YES;
				ONLY_ACTIVE_ARCH = YES;
				SDKROOT = macosx;
				SWIFT_ACTIVE_COMPILATION_CONDITIONS = DEBUG;
				SWIFT_OPTIMIZATION_LEVEL = "-Onone";
			};
			name = Debug;
		};
		7F2F84F72348278F00F430AE /* Release */ = {
			isa = XCBuildConfiguration;
			buildSettings = {
				ALWAYS_SEARCH_USER_PATHS = NO;
				CLANG_ANALYZER_NONNULL = YES;
				CLANG_ANALYZER_NUMBER_OBJECT_CONVERSION = YES_AGGRESSIVE;
				CLANG_CXX_LANGUAGE_STANDARD = "gnu++14";
				CLANG_CXX_LIBRARY = "libc++";
				CLANG_ENABLE_MODULES = YES;
				CLANG_ENABLE_OBJC_ARC = YES;
				CLANG_ENABLE_OBJC_WEAK = YES;
				CLANG_WARN_BLOCK_CAPTURE_AUTORELEASING = YES;
				CLANG_WARN_BOOL_CONVERSION = YES;
				CLANG_WARN_COMMA = YES;
				CLANG_WARN_CONSTANT_CONVERSION = YES;
				CLANG_WARN_DEPRECATED_OBJC_IMPLEMENTATIONS = YES;
				CLANG_WARN_DIRECT_OBJC_ISA_USAGE = YES_ERROR;
				CLANG_WARN_DOCUMENTATION_COMMENTS = YES;
				CLANG_WARN_EMPTY_BODY = YES;
				CLANG_WARN_ENUM_CONVERSION = YES;
				CLANG_WARN_INFINITE_RECURSION = YES;
				CLANG_WARN_INT_CONVERSION = YES;
				CLANG_WARN_NON_LITERAL_NULL_CONVERSION = YES;
				CLANG_WARN_OBJC_IMPLICIT_RETAIN_SELF = YES;
				CLANG_WARN_OBJC_LITERAL_CONVERSION = YES;
				CLANG_WARN_OBJC_ROOT_CLASS = YES_ERROR;
				CLANG_WARN_RANGE_LOOP_ANALYSIS = YES;
				CLANG_WARN_STRICT_PROTOTYPES = YES;
				CLANG_WARN_SUSPICIOUS_MOVE = YES;
				CLANG_WARN_UNGUARDED_AVAILABILITY = YES_AGGRESSIVE;
				CLANG_WARN_UNREACHABLE_CODE = YES;
				CLANG_WARN__DUPLICATE_METHOD_MATCH = YES;
				COPY_PHASE_STRIP = NO;
				DEBUG_INFORMATION_FORMAT = "dwarf-with-dsym";
				ENABLE_NS_ASSERTIONS = NO;
				ENABLE_STRICT_OBJC_MSGSEND = YES;
				GCC_C_LANGUAGE_STANDARD = gnu11;
				GCC_NO_COMMON_BLOCKS = YES;
				GCC_WARN_64_TO_32_BIT_CONVERSION = YES;
				GCC_WARN_ABOUT_RETURN_TYPE = YES_ERROR;
				GCC_WARN_UNDECLARED_SELECTOR = YES;
				GCC_WARN_UNINITIALIZED_AUTOS = YES_AGGRESSIVE;
				GCC_WARN_UNUSED_FUNCTION = YES;
				GCC_WARN_UNUSED_VARIABLE = YES;
				MACOSX_DEPLOYMENT_TARGET = 10.15;
				MTL_ENABLE_DEBUG_INFO = NO;
				MTL_FAST_MATH = YES;
				SDKROOT = macosx;
				SWIFT_COMPILATION_MODE = wholemodule;
				SWIFT_OPTIMIZATION_LEVEL = "-O";
			};
			name = Release;
		};
		7F2F84F92348278F00F430AE /* Debug */ = {
			isa = XCBuildConfiguration;
			buildSettings = {
				CODE_SIGN_IDENTITY = "-";
				CODE_SIGN_STYLE = Automatic;
				PRODUCT_NAME = "$(TARGET_NAME)";
				SWIFT_VERSION = 5.0;
			};
			name = Debug;
		};
		7F2F84FA2348278F00F430AE /* Release */ = {
			isa = XCBuildConfiguration;
			buildSettings = {
				CODE_SIGN_IDENTITY = "-";
				CODE_SIGN_STYLE = Automatic;
				PRODUCT_NAME = "$(TARGET_NAME)";
				SWIFT_VERSION = 5.0;
			};
			name = Release;
		};
/* End XCBuildConfiguration section */

/* Begin XCConfigurationList section */
		7F2F84EC2348278F00F430AE /* Build configuration list for PBXProject "TrySwiftAlgorithm" */ = {
			isa = XCConfigurationList;
			buildConfigurations = (
				7F2F84F62348278F00F430AE /* Debug */,
				7F2F84F72348278F00F430AE /* Release */,
			);
			defaultConfigurationIsVisible = 0;
			defaultConfigurationName = Release;
		};
		7F2F84F82348278F00F430AE /* Build configuration list for PBXNativeTarget "TrySwiftAlgorithm" */ = {
			isa = XCConfigurationList;
			buildConfigurations = (
				7F2F84F92348278F00F430AE /* Debug */,
				7F2F84FA2348278F00F430AE /* Release */,
			);
			defaultConfigurationIsVisible = 0;
			defaultConfigurationName = Release;
		};
/* End XCConfigurationList section */
	};
	rootObject = 7F2F84E92348278F00F430AE /* Project object */;
}
