// !$*UTF8*$!
{
	archiveVersion = 1;
	classes = {
	};
	objectVersion = 50;
	objects = {

/* Begin PBXBuildFile section */
		7F2AF31023E734EE001F3366 /* longestSubArray.swift in Sources */ = {isa = PBXBuildFile; fileRef = 7F2AF30F23E734EE001F3366 /* longestSubArray.swift */; };
		7F2F84F52348278F00F430AE /* main.swift in Sources */ = {isa = PBXBuildFile; fileRef = 7F2F84F42348278F00F430AE /* main.swift */; };
		7F2F84FC2349FE2100F430AE /* findSubArray.swift in Sources */ = {isa = PBXBuildFile; fileRef = 7F2F84FB2349FE2100F430AE /* findSubArray.swift */; };
		7F6B2C0123DF38CB00F1F015 /* Fibonacci.swift in Sources */ = {isa = PBXBuildFile; fileRef = 7F6B2BFF23DF38CB00F1F015 /* Fibonacci.swift */; };
		7F6B2C0223DF38CB00F1F015 /* 01Knapsack.swift in Sources */ = {isa = PBXBuildFile; fileRef = 7F6B2C0023DF38CB00F1F015 /* 01Knapsack.swift */; };
		7F6B2C0423E59D5600F1F015 /* PrettyOutput.swift in Sources */ = {isa = PBXBuildFile; fileRef = 7F6B2C0323E59D5600F1F015 /* PrettyOutput.swift */; };
		7F9CD40B2404C101000ABC35 /* Graph.swift in Sources */ = {isa = PBXBuildFile; fileRef = 7F9CD40A2404C101000ABC35 /* Graph.swift */; };
		7F9CD40E2404DA04000ABC35 /* Subsets.swift in Sources */ = {isa = PBXBuildFile; fileRef = 7F9CD40D2404DA04000ABC35 /* Subsets.swift */; };
		7FB1F18E23F1596C00B79266 /* TwoPointers.swift in Sources */ = {isa = PBXBuildFile; fileRef = 7FB1F18D23F1596C00B79266 /* TwoPointers.swift */; };
		7FB1F19323F9783D00B79266 /* LinkedList.swift in Sources */ = {isa = PBXBuildFile; fileRef = 7FB1F19223F9783D00B79266 /* LinkedList.swift */; };
		7FB1F19523FA709300B79266 /* FindHappyNumber.swift in Sources */ = {isa = PBXBuildFile; fileRef = 7FB1F19423FA709300B79266 /* FindHappyNumber.swift */; };
		7FB1F19823FAAD4C00B79266 /* MergeIntervals.swift in Sources */ = {isa = PBXBuildFile; fileRef = 7FB1F19723FAAD4C00B79266 /* MergeIntervals.swift */; };
		7FB1F19A23FC26E200B79266 /* CyclicSort.swift in Sources */ = {isa = PBXBuildFile; fileRef = 7FB1F19923FC26E200B79266 /* CyclicSort.swift */; };
		7FB1F19F23FC339400B79266 /* ReverseLinkedList.swift in Sources */ = {isa = PBXBuildFile; fileRef = 7FB1F19E23FC339400B79266 /* ReverseLinkedList.swift */; };
		7FB1F1A22401528400B79266 /* BFS.swift in Sources */ = {isa = PBXBuildFile; fileRef = 7FB1F1A12401528300B79266 /* BFS.swift */; };
		7FF23A662402BB6400679400 /* DFS.swift in Sources */ = {isa = PBXBuildFile; fileRef = 7FF23A652402BB6400679400 /* DFS.swift */; };
		7FF23A692403BBB300679400 /* TwoHeaps.swift in Sources */ = {isa = PBXBuildFile; fileRef = 7FF23A682403BBB300679400 /* TwoHeaps.swift */; };
/* End PBXBuildFile section */

/* Begin PBXCopyFilesBuildPhase section */
		7F2F84EF2348278F00F430AE /* CopyFiles */ = {
			isa = PBXCopyFilesBuildPhase;
			buildActionMask = 2147483647;
			dstPath = /usr/share/man/man1/;
			dstSubfolderSpec = 0;
			files = (
			);
			runOnlyForDeploymentPostprocessing = 1;
		};
/* End PBXCopyFilesBuildPhase section */

/* Begin PBXFileReference section */
		7F2AF30F23E734EE001F3366 /* longestSubArray.swift */ = {isa = PBXFileReference; lastKnownFileType = sourcecode.swift; path = longestSubArray.swift; sourceTree = "<group>"; };
		7F2F84F12348278F00F430AE /* TrySwiftAlgorithm */ = {isa = PBXFileReference; explicitFileType = "compiled.mach-o.executable"; includeInIndex = 0; path = TrySwiftAlgorithm; sourceTree = BUILT_PRODUCTS_DIR; };
		7F2F84F42348278F00F430AE /* main.swift */ = {isa = PBXFileReference; lastKnownFileType = sourcecode.swift; path = main.swift; sourceTree = "<group>"; };
		7F2F84FB2349FE2100F430AE /* findSubArray.swift */ = {isa = PBXFileReference; lastKnownFileType = sourcecode.swift; path = findSubArray.swift; sourceTree = "<group>"; };
		7F6B2BFF23DF38CB00F1F015 /* Fibonacci.swift */ = {isa = PBXFileReference; fileEncoding = 4; lastKnownFileType = sourcecode.swift; path = Fibonacci.swift; sourceTree = "<group>"; };
		7F6B2C0023DF38CB00F1F015 /* 01Knapsack.swift */ = {isa = PBXFileReference; fileEncoding = 4; lastKnownFileType = sourcecode.swift; path = 01Knapsack.swift; sourceTree = "<group>"; };
		7F6B2C0323E59D5600F1F015 /* PrettyOutput.swift */ = {isa = PBXFileReference; lastKnownFileType = sourcecode.swift; path = PrettyOutput.swift; sourceTree = "<group>"; };
		7F9CD40A2404C101000ABC35 /* Graph.swift */ = {isa = PBXFileReference; lastKnownFileType = sourcecode.swift; path = Graph.swift; sourceTree = "<group>"; };
		7F9CD40D2404DA04000ABC35 /* Subsets.swift */ = {isa = PBXFileReference; lastKnownFileType = sourcecode.swift; path = Subsets.swift; sourceTree = "<group>"; };
		7FB1F18D23F1596C00B79266 /* TwoPointers.swift */ = {isa = PBXFileReference; lastKnownFileType = sourcecode.swift; path = TwoPointers.swift; sourceTree = "<group>"; };
		7FB1F19223F9783D00B79266 /* LinkedList.swift */ = {isa = PBXFileReference; lastKnownFileType = sourcecode.swift; path = LinkedList.swift; sourceTree = "<group>"; };
		7FB1F19423FA709300B79266 /* FindHappyNumber.swift */ = {isa = PBXFileReference; lastKnownFileType = sourcecode.swift; path = FindHappyNumber.swift; sourceTree = "<group>"; };
		7FB1F19723FAAD4C00B79266 /* MergeIntervals.swift */ = {isa = PBXFileReference; lastKnownFileType = sourcecode.swift; path = MergeIntervals.swift; sourceTree = "<group>"; };
		7FB1F19923FC26E200B79266 /* CyclicSort.swift */ = {isa = PBXFileReference; lastKnownFileType = sourcecode.swift; path = CyclicSort.swift; sourceTree = "<group>"; };
		7FB1F19E23FC339400B79266 /* ReverseLinkedList.swift */ = {isa = PBXFileReference; lastKnownFileType = sourcecode.swift; path = ReverseLinkedList.swift; sourceTree = "<group>"; };
		7FB1F1A12401528300B79266 /* BFS.swift */ = {isa = PBXFileReference; lastKnownFileType = sourcecode.swift; path = BFS.swift; sourceTree = "<group>"; };
		7FF23A652402BB6400679400 /* DFS.swift */ = {isa = PBXFileReference; lastKnownFileType = sourcecode.swift; path = DFS.swift; sourceTree = "<group>"; };
		7FF23A682403BBB300679400 /* TwoHeaps.swift */ = {isa = PBXFileReference; lastKnownFileType = sourcecode.swift; path = TwoHeaps.swift; sourceTree = "<group>"; };
/* End PBXFileReference section */

/* Begin PBXFrameworksBuildPhase section */
		7F2F84EE2348278F00F430AE /* Frameworks */ = {
			isa = PBXFrameworksBuildPhase;
			buildActionMask = 2147483647;
			files = (
			);
			runOnlyForDeploymentPostprocessing = 0;
		};
/* End PBXFrameworksBuildPhase section */

/* Begin PBXGroup section */
		7F2F84E82348278F00F430AE = {
			isa = PBXGroup;
			children = (
				7F2F84F32348278F00F430AE /* TrySwiftAlgorithm */,
				7F2F84F22348278F00F430AE /* Products */,
			);
			sourceTree = "<group>";
		};
		7F2F84F22348278F00F430AE /* Products */ = {
			isa = PBXGroup;
			children = (
				7F2F84F12348278F00F430AE /* TrySwiftAlgorithm */,
			);
			name = Products;
			sourceTree = "<group>";
		};
		7F2F84F32348278F00F430AE /* TrySwiftAlgorithm */ = {
			isa = PBXGroup;
			children = (
				7F9CD40C2404D9F5000ABC35 /* Subsets */,
				7F9CD4092404C0EF000ABC35 /* Topological Sort */,
				7FF23A672403BB9E00679400 /* Two Heaps */,
				7FF23A642402BB4600679400 /* Tree DFS */,
				7FB1F1A02401527300B79266 /* Tree BFS */,
				7FB1F19D23FC335600B79266 /* In place Reversal LinkedList */,
				7FB1F19C23FC26EF00B79266 /* Cyclic Sort */,
				7FB1F19623FA7F8500B79266 /* Merge Intervals */,
				7FB1F19123F9782700B79266 /* Fast and Slow Pointer */,
				7F6B2BFD23DF389E00F1F015 /* Utils */,
				7F2F84FD2349FF2000F430AE /* SlidingWindow */,
				7FB1F18C23F1590A00B79266 /* Two Pointers */,
				7F6B2BFE23DF38BE00F1F015 /* DP */,
				7F2F84F42348278F00F430AE /* main.swift */,
			);
			path = TrySwiftAlgorithm;
			sourceTree = "<group>";
		};
		7F2F84FD2349FF2000F430AE /* SlidingWindow */ = {
			isa = PBXGroup;
			children = (
				7F2F84FB2349FE2100F430AE /* findSubArray.swift */,
				7F2AF30F23E734EE001F3366 /* longestSubArray.swift */,
			);
			path = SlidingWindow;
			sourceTree = "<group>";
		};
		7F6B2BFD23DF389E00F1F015 /* Utils */ = {
			isa = PBXGroup;
			children = (
				7F6B2C0323E59D5600F1F015 /* PrettyOutput.swift */,
			);
			path = Utils;
			sourceTree = "<group>";
		};
		7F6B2BFE23DF38BE00F1F015 /* DP */ = {
			isa = PBXGroup;
			children = (
				7F6B2BFF23DF38CB00F1F015 /* Fibonacci.swift */,
				7F6B2C0023DF38CB00F1F015 /* 01Knapsack.swift */,
			);
			path = DP;
			sourceTree = "<group>";
		};
		7F9CD4092404C0EF000ABC35 /* Topological Sort */ = {
			isa = PBXGroup;
			children = (
				7F9CD40A2404C101000ABC35 /* Graph.swift */,
			);
			path = "Topological Sort";
			sourceTree = "<group>";
		};
		7F9CD40C2404D9F5000ABC35 /* Subsets */ = {
			isa = PBXGroup;
			children = (
				7F9CD40D2404DA04000ABC35 /* Subsets.swift */,
			);
			path = Subsets;
			sourceTree = "<group>";
		};
		7FB1F18C23F1590A00B79266 /* Two Pointers */ = {
			isa = PBXGroup;
			children = (
				7FB1F18D23F1596C00B79266 /* TwoPointers.swift */,
			);
			path = "Two Pointers";
			sourceTree = "<group>";
		};
		7FB1F19123F9782700B79266 /* Fast and Slow Pointer */ = {
			isa = PBXGroup;
			children = (
				7FB1F19223F9783D00B79266 /* LinkedList.swift */,
				7FB1F19423FA709300B79266 /* FindHappyNumber.swift */,
			);
			path = "Fast and Slow Pointer";
			sourceTree = "<group>";
		};
		7FB1F19623FA7F8500B79266 /* Merge Intervals */ = {
			isa = PBXGroup;
			children = (
				7FB1F19723FAAD4C00B79266 /* MergeIntervals.swift */,
			);
			path = "Merge Intervals";
			sourceTree = "<group>";
		};
		7FB1F19C23FC26EF00B79266 /* Cyclic Sort */ = {
			isa = PBXGroup;
			children = (
				7FB1F19923FC26E200B79266 /* CyclicSort.swift */,
			);
			path = "Cyclic Sort";
			sourceTree = "<group>";
		};
		7FB1F19D23FC335600B79266 /* In place Reversal LinkedList */ = {
			isa = PBXGroup;
			children = (
				7FB1F19E23FC339400B79266 /* ReverseLinkedList.swift */,
			);
			path = "In place Reversal LinkedList";
			sourceTree = "<group>";
		};
		7FB1F1A02401527300B79266 /* Tree BFS */ = {
			isa = PBXGroup;
			children = (
				7FB1F1A12401528300B79266 /* BFS.swift */,
			);
			path = "Tree BFS";
			sourceTree = "<group>";
		};
		7FF23A642402BB4600679400 /* Tree DFS */ = {
			isa = PBXGroup;
			children = (
				7FF23A652402BB6400679400 /* DFS.swift */,
			);
			path = "Tree DFS";
			sourceTree = "<group>";
		};
		7FF23A672403BB9E00679400 /* Two Heaps */ = {
			isa = PBXGroup;
			children = (
				7FF23A682403BBB300679400 /* TwoHeaps.swift */,
			);
			path = "Two Heaps";
			sourceTree = "<group>";
		};
/* End PBXGroup section */

/* Begin PBXNativeTarget section */
		7F2F84F02348278F00F430AE /* TrySwiftAlgorithm */ = {
			isa = PBXNativeTarget;
			buildConfigurationList = 7F2F84F82348278F00F430AE /* Build configuration list for PBXNativeTarget "TrySwiftAlgorithm" */;
			buildPhases = (
				7F2F84ED2348278F00F430AE /* Sources */,
				7F2F84EE2348278F00F430AE /* Frameworks */,
				7F2F84EF2348278F00F430AE /* CopyFiles */,
			);
			buildRules = (
			);
			dependencies = (
			);
			name = TrySwiftAlgorithm;
			productName = CodingTestSwift;
			productReference = 7F2F84F12348278F00F430AE /* TrySwiftAlgorithm */;
			productType = "com.apple.product-type.tool";
		};
/* End PBXNativeTarget section */

/* Begin PBXProject section */
		7F2F84E92348278F00F430AE /* Project object */ = {
			isa = PBXProject;
			attributes = {
				LastSwiftUpdateCheck = 1100;
				LastUpgradeCheck = 1130;
				ORGANIZATIONNAME = BaekSungwook;
				TargetAttributes = {
					7F2F84F02348278F00F430AE = {
						CreatedOnToolsVersion = 11.0;
					};
				};
			};
			buildConfigurationList = 7F2F84EC2348278F00F430AE /* Build configuration list for PBXProject "TrySwiftAlgorithm" */;
			compatibilityVersion = "Xcode 9.3";
			developmentRegion = en;
			hasScannedForEncodings = 0;
			knownRegions = (
				en,
				Base,
			);
			mainGroup = 7F2F84E82348278F00F430AE;
			productRefGroup = 7F2F84F22348278F00F430AE /* Products */;
			projectDirPath = "";
			projectRoot = "";
			targets = (
				7F2F84F02348278F00F430AE /* TrySwiftAlgorithm */,
			);
		};
/* End PBXProject section */

/* Begin PBXSourcesBuildPhase section */
		7F2F84ED2348278F00F430AE /* Sources */ = {
			isa = PBXSourcesBuildPhase;
			buildActionMask = 2147483647;
			files = (
				7F6B2C0123DF38CB00F1F015 /* Fibonacci.swift in Sources */,
				7FB1F19A23FC26E200B79266 /* CyclicSort.swift in Sources */,
				7FB1F19823FAAD4C00B79266 /* MergeIntervals.swift in Sources */,
				7F2AF31023E734EE001F3366 /* longestSubArray.swift in Sources */,
				7F6B2C0223DF38CB00F1F015 /* 01Knapsack.swift in Sources */,
				7F9CD40E2404DA04000ABC35 /* Subsets.swift in Sources */,
				7FF23A662402BB6400679400 /* DFS.swift in Sources */,
				7FB1F18E23F1596C00B79266 /* TwoPointers.swift in Sources */,
				7F6B2C0423E59D5600F1F015 /* PrettyOutput.swift in Sources */,
				7F9CD40B2404C101000ABC35 /* Graph.swift in Sources */,
				7FB1F1A22401528400B79266 /* BFS.swift in Sources */,
				7F2F84FC2349FE2100F430AE /* findSubArray.swift in Sources */,
				7FB1F19323F9783D00B79266 /* LinkedList.swift in Sources */,
				7FB1F19F23FC339400B79266 /* ReverseLinkedList.swift in Sources */,
				7F2F84F52348278F00F430AE /* main.swift in Sources */,
				7FB1F19523FA709300B79266 /* FindHappyNumber.swift in Sources */,
				7FF23A692403BBB300679400 /* TwoHeaps.swift in Sources */,
			);
			runOnlyForDeploymentPostprocessing = 0;
		};
/* End PBXSourcesBuildPhase section */

/* Begin XCBuildConfiguration section */
		7F2F84F62348278F00F430AE /* Debug */ = {
			isa = XCBuildConfiguration;
			buildSettings = {
				ALWAYS_SEARCH_USER_PATHS = NO;
				CLANG_ANALYZER_NONNULL = YES;
				CLANG_ANALYZER_NUMBER_OBJECT_CONVERSION = YES_AGGRESSIVE;
				CLANG_CXX_LANGUAGE_STANDARD = "gnu++14";
				CLANG_CXX_LIBRARY = "libc++";
				CLANG_ENABLE_MODULES = YES;
				CLANG_ENABLE_OBJC_ARC = YES;
				CLANG_ENABLE_OBJC_WEAK = YES;
				CLANG_WARN_BLOCK_CAPTURE_AUTORELEASING = YES;
				CLANG_WARN_BOOL_CONVERSION = YES;
				CLANG_WARN_COMMA = YES;
				CLANG_WARN_CONSTANT_CONVERSION = YES;
				CLANG_WARN_DEPRECATED_OBJC_IMPLEMENTATIONS = YES;
				CLANG_WARN_DIRECT_OBJC_ISA_USAGE = YES_ERROR;
				CLANG_WARN_DOCUMENTATION_COMMENTS = YES;
				CLANG_WARN_EMPTY_BODY = YES;
				CLANG_WARN_ENUM_CONVERSION = YES;
				CLANG_WARN_INFINITE_RECURSION = YES;
				CLANG_WARN_INT_CONVERSION = YES;
				CLANG_WARN_NON_LITERAL_NULL_CONVERSION = YES;
				CLANG_WARN_OBJC_IMPLICIT_RETAIN_SELF = YES;
				CLANG_WARN_OBJC_LITERAL_CONVERSION = YES;
				CLANG_WARN_OBJC_ROOT_CLASS = YES_ERROR;
				CLANG_WARN_RANGE_LOOP_ANALYSIS = YES;
				CLANG_WARN_STRICT_PROTOTYPES = YES;
				CLANG_WARN_SUSPICIOUS_MOVE = YES;
				CLANG_WARN_UNGUARDED_AVAILABILITY = YES_AGGRESSIVE;
				CLANG_WARN_UNREACHABLE_CODE = YES;
				CLANG_WARN__DUPLICATE_METHOD_MATCH = YES;
				COPY_PHASE_STRIP = NO;
				DEBUG_INFORMATION_FORMAT = dwarf;
				ENABLE_STRICT_OBJC_MSGSEND = YES;
				ENABLE_TESTABILITY = YES;
				GCC_C_LANGUAGE_STANDARD = gnu11;
				GCC_DYNAMIC_NO_PIC = NO;
				GCC_NO_COMMON_BLOCKS = YES;
				GCC_OPTIMIZATION_LEVEL = 0;
				GCC_PREPROCESSOR_DEFINITIONS = (
					"DEBUG=1",
					"$(inherited)",
				);
				GCC_WARN_64_TO_32_BIT_CONVERSION = YES;
				GCC_WARN_ABOUT_RETURN_TYPE = YES_ERROR;
				GCC_WARN_UNDECLARED_SELECTOR = YES;
				GCC_WARN_UNINITIALIZED_AUTOS = YES_AGGRESSIVE;
				GCC_WARN_UNUSED_FUNCTION = YES;
				GCC_WARN_UNUSED_VARIABLE = YES;
				MACOSX_DEPLOYMENT_TARGET = 10.15;
				MTL_ENABLE_DEBUG_INFO = INCLUDE_SOURCE;
				MTL_FAST_MATH = YES;
				ONLY_ACTIVE_ARCH = YES;
				SDKROOT = macosx;
				SWIFT_ACTIVE_COMPILATION_CONDITIONS = DEBUG;
				SWIFT_OPTIMIZATION_LEVEL = "-Onone";
			};
			name = Debug;
		};
		7F2F84F72348278F00F430AE /* Release */ = {
			isa = XCBuildConfiguration;
			buildSettings = {
				ALWAYS_SEARCH_USER_PATHS = NO;
				CLANG_ANALYZER_NONNULL = YES;
				CLANG_ANALYZER_NUMBER_OBJECT_CONVERSION = YES_AGGRESSIVE;
				CLANG_CXX_LANGUAGE_STANDARD = "gnu++14";
				CLANG_CXX_LIBRARY = "libc++";
				CLANG_ENABLE_MODULES = YES;
				CLANG_ENABLE_OBJC_ARC = YES;
				CLANG_ENABLE_OBJC_WEAK = YES;
				CLANG_WARN_BLOCK_CAPTURE_AUTORELEASING = YES;
				CLANG_WARN_BOOL_CONVERSION = YES;
				CLANG_WARN_COMMA = YES;
				CLANG_WARN_CONSTANT_CONVERSION = YES;
				CLANG_WARN_DEPRECATED_OBJC_IMPLEMENTATIONS = YES;
				CLANG_WARN_DIRECT_OBJC_ISA_USAGE = YES_ERROR;
				CLANG_WARN_DOCUMENTATION_COMMENTS = YES;
				CLANG_WARN_EMPTY_BODY = YES;
				CLANG_WARN_ENUM_CONVERSION = YES;
				CLANG_WARN_INFINITE_RECURSION = YES;
				CLANG_WARN_INT_CONVERSION = YES;
				CLANG_WARN_NON_LITERAL_NULL_CONVERSION = YES;
				CLANG_WARN_OBJC_IMPLICIT_RETAIN_SELF = YES;
				CLANG_WARN_OBJC_LITERAL_CONVERSION = YES;
				CLANG_WARN_OBJC_ROOT_CLASS = YES_ERROR;
				CLANG_WARN_RANGE_LOOP_ANALYSIS = YES;
				CLANG_WARN_STRICT_PROTOTYPES = YES;
				CLANG_WARN_SUSPICIOUS_MOVE = YES;
				CLANG_WARN_UNGUARDED_AVAILABILITY = YES_AGGRESSIVE;
				CLANG_WARN_UNREACHABLE_CODE = YES;
				CLANG_WARN__DUPLICATE_METHOD_MATCH = YES;
				COPY_PHASE_STRIP = NO;
				DEBUG_INFORMATION_FORMAT = "dwarf-with-dsym";
				ENABLE_NS_ASSERTIONS = NO;
				ENABLE_STRICT_OBJC_MSGSEND = YES;
				GCC_C_LANGUAGE_STANDARD = gnu11;
				GCC_NO_COMMON_BLOCKS = YES;
				GCC_WARN_64_TO_32_BIT_CONVERSION = YES;
				GCC_WARN_ABOUT_RETURN_TYPE = YES_ERROR;
				GCC_WARN_UNDECLARED_SELECTOR = YES;
				GCC_WARN_UNINITIALIZED_AUTOS = YES_AGGRESSIVE;
				GCC_WARN_UNUSED_FUNCTION = YES;
				GCC_WARN_UNUSED_VARIABLE = YES;
				MACOSX_DEPLOYMENT_TARGET = 10.15;
				MTL_ENABLE_DEBUG_INFO = NO;
				MTL_FAST_MATH = YES;
				SDKROOT = macosx;
				SWIFT_COMPILATION_MODE = wholemodule;
				SWIFT_OPTIMIZATION_LEVEL = "-O";
			};
			name = Release;
		};
		7F2F84F92348278F00F430AE /* Debug */ = {
			isa = XCBuildConfiguration;
			buildSettings = {
				CODE_SIGN_IDENTITY = "-";
				CODE_SIGN_STYLE = Automatic;
				PRODUCT_NAME = "$(TARGET_NAME)";
				SWIFT_VERSION = 5.0;
			};
			name = Debug;
		};
		7F2F84FA2348278F00F430AE /* Release */ = {
			isa = XCBuildConfiguration;
			buildSettings = {
				CODE_SIGN_IDENTITY = "-";
				CODE_SIGN_STYLE = Automatic;
				PRODUCT_NAME = "$(TARGET_NAME)";
				SWIFT_VERSION = 5.0;
			};
			name = Release;
		};
/* End XCBuildConfiguration section */

/* Begin XCConfigurationList section */
		7F2F84EC2348278F00F430AE /* Build configuration list for PBXProject "TrySwiftAlgorithm" */ = {
			isa = XCConfigurationList;
			buildConfigurations = (
				7F2F84F62348278F00F430AE /* Debug */,
				7F2F84F72348278F00F430AE /* Release */,
			);
			defaultConfigurationIsVisible = 0;
			defaultConfigurationName = Release;
		};
		7F2F84F82348278F00F430AE /* Build configuration list for PBXNativeTarget "TrySwiftAlgorithm" */ = {
			isa = XCConfigurationList;
			buildConfigurations = (
				7F2F84F92348278F00F430AE /* Debug */,
				7F2F84FA2348278F00F430AE /* Release */,
			);
			defaultConfigurationIsVisible = 0;
			defaultConfigurationName = Release;
		};
/* End XCConfigurationList section */
	};
	rootObject = 7F2F84E92348278F00F430AE /* Project object */;
}
